
Microsoft Visual Studio Solution File, Format Version 12.00
# Visual Studio Version 17
VisualStudioVersion = 17.7.34202.233
MinimumVisualStudioVersion = 10.0.40219.1
Project("{FAE04EC0-301F-11D3-BF4B-00C04F79EFBC}") = "MoreleSeleniumFramework", "MoreleSeleniumFramework\MoreleSeleniumFramework.csproj", "{D11AC490-0372-4F88-A172-7E82319FC4E2}"
EndProject
Project("{FAE04EC0-301F-11D3-BF4B-00C04F79EFBC}") = "MoreleSeleniumWebsiteTests", "MoreleSeleniumWebsiteTests\MoreleSeleniumWebsiteTests.csproj", "{F38606BB-8711-4BC3-89F2-4CA4F8723212}"
EndProject
Global
	GlobalSection(SolutionConfigurationPlatforms) = preSolution
		Debug|Any CPU = Debug|Any CPU
		Release|Any CPU = Release|Any CPU
	EndGlobalSection
	GlobalSection(ProjectConfigurationPlatforms) = postSolution
		{D11AC490-0372-4F88-A172-7E82319FC4E2}.Debug|Any CPU.ActiveCfg = Debug|Any CPU
		{D11AC490-0372-4F88-A172-7E82319FC4E2}.Debug|Any CPU.Build.0 = Debug|Any CPU
		{D11AC490-0372-4F88-A172-7E82319FC4E2}.Release|Any CPU.ActiveCfg = Release|Any CPU
		{D11AC490-0372-4F88-A172-7E82319FC4E2}.Release|Any CPU.Build.0 = Release|Any CPU
		{F38606BB-8711-4BC3-89F2-4CA4F8723212}.Debug|Any CPU.ActiveCfg = Debug|Any CPU
		{F38606BB-8711-4BC3-89F2-4CA4F8723212}.Debug|Any CPU.Build.0 = Debug|Any CPU
		{F38606BB-8711-4BC3-89F2-4CA4F8723212}.Release|Any CPU.ActiveCfg = Release|Any CPU
		{F38606BB-8711-4BC3-89F2-4CA4F8723212}.Release|Any CPU.Build.0 = Release|Any CPU
	EndGlobalSection
	GlobalSection(SolutionProperties) = preSolution
		HideSolutionNode = FALSE
	EndGlobalSection
	GlobalSection(ExtensibilityGlobals) = postSolution
		SolutionGuid = {1270E9E6-799A-400F-A4B2-0E7617C2184D}
	EndGlobalSection
EndGlobal
